
Microsoft Visual Studio Solution File, Format Version 12.00
# Visual Studio Version 17
VisualStudioVersion = 17.1.32421.90
MinimumVisualStudioVersion = 10.0.40219.1
Project("{9A19103F-16F7-4668-BE54-9A1E7A4F7556}") = "1Pass.DBAPI", "1Pass.DBAPI\1Pass.DBAPI.csproj", "{FA6BCCD1-31C2-41DF-954F-6A0723F020D1}"
EndProject
Project("{9A19103F-16F7-4668-BE54-9A1E7A4F7556}") = "1Pass.DBEngine", "1Pass.DBEngine\1Pass.DBEngine.csproj", "{9282C801-4748-4EF7-822A-F1AF08BEEE00}"
EndProject
Project("{9A19103F-16F7-4668-BE54-9A1E7A4F7556}") = "1Pass.Entities", "1Pass.Entities\1Pass.Entities.csproj", "{61D65DDE-D560-48B8-9EB7-21A9F99BA072}"
EndProject
Project("{9A19103F-16F7-4668-BE54-9A1E7A4F7556}") = "1Pass.Encryption", "1Pass.Encryption\1Pass.Encryption.csproj", "{6C46948A-AA16-4FCC-949B-61D033D40A92}"
EndProject
Project("{2150E333-8FDC-42A3-9474-1A3956D46DE8}") = "1Pass.UI", "1Pass.UI", "{EF5B7363-5BDD-4065-A493-2BD0E6EEA37D}"
EndProject
Project("{FAE04EC0-301F-11D3-BF4B-00C04F79EFBC}") = "1Pass.UI.UWP", "1Pass.UI.UWP\1Pass.UI.UWP.csproj", "{BF25FC5C-667F-4626-A06B-EB73FC2681E5}"
EndProject
Global
	GlobalSection(SolutionConfigurationPlatforms) = preSolution
		Debug|Any CPU = Debug|Any CPU
		Debug|ARM = Debug|ARM
		Debug|ARM64 = Debug|ARM64
		Debug|x64 = Debug|x64
		Debug|x86 = Debug|x86
		Release|Any CPU = Release|Any CPU
		Release|ARM = Release|ARM
		Release|ARM64 = Release|ARM64
		Release|x64 = Release|x64
		Release|x86 = Release|x86
	EndGlobalSection
	GlobalSection(ProjectConfigurationPlatforms) = postSolution
		{FA6BCCD1-31C2-41DF-954F-6A0723F020D1}.Debug|Any CPU.ActiveCfg = Debug|Any CPU
		{FA6BCCD1-31C2-41DF-954F-6A0723F020D1}.Debug|Any CPU.Build.0 = Debug|Any CPU
		{FA6BCCD1-31C2-41DF-954F-6A0723F020D1}.Debug|ARM.ActiveCfg = Debug|Any CPU
		{FA6BCCD1-31C2-41DF-954F-6A0723F020D1}.Debug|ARM.Build.0 = Debug|Any CPU
		{FA6BCCD1-31C2-41DF-954F-6A0723F020D1}.Debug|ARM64.ActiveCfg = Debug|Any CPU
		{FA6BCCD1-31C2-41DF-954F-6A0723F020D1}.Debug|ARM64.Build.0 = Debug|Any CPU
		{FA6BCCD1-31C2-41DF-954F-6A0723F020D1}.Debug|x64.ActiveCfg = Debug|Any CPU
		{FA6BCCD1-31C2-41DF-954F-6A0723F020D1}.Debug|x64.Build.0 = Debug|Any CPU
		{FA6BCCD1-31C2-41DF-954F-6A0723F020D1}.Debug|x86.ActiveCfg = Debug|Any CPU
		{FA6BCCD1-31C2-41DF-954F-6A0723F020D1}.Debug|x86.Build.0 = Debug|Any CPU
		{FA6BCCD1-31C2-41DF-954F-6A0723F020D1}.Release|Any CPU.ActiveCfg = Release|Any CPU
		{FA6BCCD1-31C2-41DF-954F-6A0723F020D1}.Release|Any CPU.Build.0 = Release|Any CPU
		{FA6BCCD1-31C2-41DF-954F-6A0723F020D1}.Release|ARM.ActiveCfg = Release|Any CPU
		{FA6BCCD1-31C2-41DF-954F-6A0723F020D1}.Release|ARM.Build.0 = Release|Any CPU
		{FA6BCCD1-31C2-41DF-954F-6A0723F020D1}.Release|ARM64.ActiveCfg = Release|Any CPU
		{FA6BCCD1-31C2-41DF-954F-6A0723F020D1}.Release|ARM64.Build.0 = Release|Any CPU
		{FA6BCCD1-31C2-41DF-954F-6A0723F020D1}.Release|x64.ActiveCfg = Release|Any CPU
		{FA6BCCD1-31C2-41DF-954F-6A0723F020D1}.Release|x64.Build.0 = Release|Any CPU
		{FA6BCCD1-31C2-41DF-954F-6A0723F020D1}.Release|x86.ActiveCfg = Release|Any CPU
		{FA6BCCD1-31C2-41DF-954F-6A0723F020D1}.Release|x86.Build.0 = Release|Any CPU
		{9282C801-4748-4EF7-822A-F1AF08BEEE00}.Debug|Any CPU.ActiveCfg = Debug|Any CPU
		{9282C801-4748-4EF7-822A-F1AF08BEEE00}.Debug|Any CPU.Build.0 = Debug|Any CPU
		{9282C801-4748-4EF7-822A-F1AF08BEEE00}.Debug|ARM.ActiveCfg = Debug|Any CPU
		{9282C801-4748-4EF7-822A-F1AF08BEEE00}.Debug|ARM.Build.0 = Debug|Any CPU
		{9282C801-4748-4EF7-822A-F1AF08BEEE00}.Debug|ARM64.ActiveCfg = Debug|Any CPU
		{9282C801-4748-4EF7-822A-F1AF08BEEE00}.Debug|ARM64.Build.0 = Debug|Any CPU
		{9282C801-4748-4EF7-822A-F1AF08BEEE00}.Debug|x64.ActiveCfg = Debug|Any CPU
		{9282C801-4748-4EF7-822A-F1AF08BEEE00}.Debug|x64.Build.0 = Debug|Any CPU
		{9282C801-4748-4EF7-822A-F1AF08BEEE00}.Debug|x86.ActiveCfg = Debug|Any CPU
		{9282C801-4748-4EF7-822A-F1AF08BEEE00}.Debug|x86.Build.0 = Debug|Any CPU
		{9282C801-4748-4EF7-822A-F1AF08BEEE00}.Release|Any CPU.ActiveCfg = Release|Any CPU
		{9282C801-4748-4EF7-822A-F1AF08BEEE00}.Release|Any CPU.Build.0 = Release|Any CPU
		{9282C801-4748-4EF7-822A-F1AF08BEEE00}.Release|ARM.ActiveCfg = Release|Any CPU
		{9282C801-4748-4EF7-822A-F1AF08BEEE00}.Release|ARM.Build.0 = Release|Any CPU
		{9282C801-4748-4EF7-822A-F1AF08BEEE00}.Release|ARM64.ActiveCfg = Release|Any CPU
		{9282C801-4748-4EF7-822A-F1AF08BEEE00}.Release|ARM64.Build.0 = Release|Any CPU
		{9282C801-4748-4EF7-822A-F1AF08BEEE00}.Release|x64.ActiveCfg = Release|Any CPU
		{9282C801-4748-4EF7-822A-F1AF08BEEE00}.Release|x64.Build.0 = Release|Any CPU
		{9282C801-4748-4EF7-822A-F1AF08BEEE00}.Release|x86.ActiveCfg = Release|Any CPU
		{9282C801-4748-4EF7-822A-F1AF08BEEE00}.Release|x86.Build.0 = Release|Any CPU
		{61D65DDE-D560-48B8-9EB7-21A9F99BA072}.Debug|Any CPU.ActiveCfg = Debug|Any CPU
		{61D65DDE-D560-48B8-9EB7-21A9F99BA072}.Debug|Any CPU.Build.0 = Debug|Any CPU
		{61D65DDE-D560-48B8-9EB7-21A9F99BA072}.Debug|ARM.ActiveCfg = Debug|Any CPU
		{61D65DDE-D560-48B8-9EB7-21A9F99BA072}.Debug|ARM.Build.0 = Debug|Any CPU
		{61D65DDE-D560-48B8-9EB7-21A9F99BA072}.Debug|ARM64.ActiveCfg = Debug|Any CPU
		{61D65DDE-D560-48B8-9EB7-21A9F99BA072}.Debug|ARM64.Build.0 = Debug|Any CPU
		{61D65DDE-D560-48B8-9EB7-21A9F99BA072}.Debug|x64.ActiveCfg = Debug|Any CPU
		{61D65DDE-D560-48B8-9EB7-21A9F99BA072}.Debug|x64.Build.0 = Debug|Any CPU
		{61D65DDE-D560-48B8-9EB7-21A9F99BA072}.Debug|x86.ActiveCfg = Debug|Any CPU
		{61D65DDE-D560-48B8-9EB7-21A9F99BA072}.Debug|x86.Build.0 = Debug|Any CPU
		{61D65DDE-D560-48B8-9EB7-21A9F99BA072}.Release|Any CPU.ActiveCfg = Release|Any CPU
		{61D65DDE-D560-48B8-9EB7-21A9F99BA072}.Release|Any CPU.Build.0 = Release|Any CPU
		{61D65DDE-D560-48B8-9EB7-21A9F99BA072}.Release|ARM.ActiveCfg = Release|Any CPU
		{61D65DDE-D560-48B8-9EB7-21A9F99BA072}.Release|ARM.Build.0 = Release|Any CPU
		{61D65DDE-D560-48B8-9EB7-21A9F99BA072}.Release|ARM64.ActiveCfg = Release|Any CPU
		{61D65DDE-D560-48B8-9EB7-21A9F99BA072}.Release|ARM64.Build.0 = Release|Any CPU
		{61D65DDE-D560-48B8-9EB7-21A9F99BA072}.Release|x64.ActiveCfg = Release|Any CPU
		{61D65DDE-D560-48B8-9EB7-21A9F99BA072}.Release|x64.Build.0 = Release|Any CPU
		{61D65DDE-D560-48B8-9EB7-21A9F99BA072}.Release|x86.ActiveCfg = Release|Any CPU
		{61D65DDE-D560-48B8-9EB7-21A9F99BA072}.Release|x86.Build.0 = Release|Any CPU
		{6C46948A-AA16-4FCC-949B-61D033D40A92}.Debug|Any CPU.ActiveCfg = Debug|Any CPU
		{6C46948A-AA16-4FCC-949B-61D033D40A92}.Debug|Any CPU.Build.0 = Debug|Any CPU
		{6C46948A-AA16-4FCC-949B-61D033D40A92}.Debug|ARM.ActiveCfg = Debug|Any CPU
		{6C46948A-AA16-4FCC-949B-61D033D40A92}.Debug|ARM.Build.0 = Debug|Any CPU
		{6C46948A-AA16-4FCC-949B-61D033D40A92}.Debug|ARM64.ActiveCfg = Debug|Any CPU
		{6C46948A-AA16-4FCC-949B-61D033D40A92}.Debug|ARM64.Build.0 = Debug|Any CPU
		{6C46948A-AA16-4FCC-949B-61D033D40A92}.Debug|x64.ActiveCfg = Debug|Any CPU
		{6C46948A-AA16-4FCC-949B-61D033D40A92}.Debug|x64.Build.0 = Debug|Any CPU
		{6C46948A-AA16-4FCC-949B-61D033D40A92}.Debug|x86.ActiveCfg = Debug|Any CPU
		{6C46948A-AA16-4FCC-949B-61D033D40A92}.Debug|x86.Build.0 = Debug|Any CPU
		{6C46948A-AA16-4FCC-949B-61D033D40A92}.Release|Any CPU.ActiveCfg = Release|Any CPU
		{6C46948A-AA16-4FCC-949B-61D033D40A92}.Release|Any CPU.Build.0 = Release|Any CPU
		{6C46948A-AA16-4FCC-949B-61D033D40A92}.Release|ARM.ActiveCfg = Release|Any CPU
		{6C46948A-AA16-4FCC-949B-61D033D40A92}.Release|ARM.Build.0 = Release|Any CPU
		{6C46948A-AA16-4FCC-949B-61D033D40A92}.Release|ARM64.ActiveCfg = Release|Any CPU
		{6C46948A-AA16-4FCC-949B-61D033D40A92}.Release|ARM64.Build.0 = Release|Any CPU
		{6C46948A-AA16-4FCC-949B-61D033D40A92}.Release|x64.ActiveCfg = Release|Any CPU
		{6C46948A-AA16-4FCC-949B-61D033D40A92}.Release|x64.Build.0 = Release|Any CPU
		{6C46948A-AA16-4FCC-949B-61D033D40A92}.Release|x86.ActiveCfg = Release|Any CPU
		{6C46948A-AA16-4FCC-949B-61D033D40A92}.Release|x86.Build.0 = Release|Any CPU
		{BF25FC5C-667F-4626-A06B-EB73FC2681E5}.Debug|Any CPU.ActiveCfg = Debug|x64
		{BF25FC5C-667F-4626-A06B-EB73FC2681E5}.Debug|Any CPU.Build.0 = Debug|x64
		{BF25FC5C-667F-4626-A06B-EB73FC2681E5}.Debug|Any CPU.Deploy.0 = Debug|x64
		{BF25FC5C-667F-4626-A06B-EB73FC2681E5}.Debug|ARM.ActiveCfg = Debug|ARM
		{BF25FC5C-667F-4626-A06B-EB73FC2681E5}.Debug|ARM.Build.0 = Debug|ARM
		{BF25FC5C-667F-4626-A06B-EB73FC2681E5}.Debug|ARM.Deploy.0 = Debug|ARM
		{BF25FC5C-667F-4626-A06B-EB73FC2681E5}.Debug|ARM64.ActiveCfg = Debug|ARM64
		{BF25FC5C-667F-4626-A06B-EB73FC2681E5}.Debug|ARM64.Build.0 = Debug|ARM64
		{BF25FC5C-667F-4626-A06B-EB73FC2681E5}.Debug|ARM64.Deploy.0 = Debug|ARM64
		{BF25FC5C-667F-4626-A06B-EB73FC2681E5}.Debug|x64.ActiveCfg = Debug|x64
		{BF25FC5C-667F-4626-A06B-EB73FC2681E5}.Debug|x64.Build.0 = Debug|x64
		{BF25FC5C-667F-4626-A06B-EB73FC2681E5}.Debug|x64.Deploy.0 = Debug|x64
		{BF25FC5C-667F-4626-A06B-EB73FC2681E5}.Debug|x86.ActiveCfg = Debug|x86
		{BF25FC5C-667F-4626-A06B-EB73FC2681E5}.Debug|x86.Build.0 = Debug|x86
		{BF25FC5C-667F-4626-A06B-EB73FC2681E5}.Debug|x86.Deploy.0 = Debug|x86
		{BF25FC5C-667F-4626-A06B-EB73FC2681E5}.Release|Any CPU.ActiveCfg = Release|x64
		{BF25FC5C-667F-4626-A06B-EB73FC2681E5}.Release|Any CPU.Build.0 = Release|x64
		{BF25FC5C-667F-4626-A06B-EB73FC2681E5}.Release|Any CPU.Deploy.0 = Release|x64
		{BF25FC5C-667F-4626-A06B-EB73FC2681E5}.Release|ARM.ActiveCfg = Release|ARM
		{BF25FC5C-667F-4626-A06B-EB73FC2681E5}.Release|ARM.Build.0 = Release|ARM
		{BF25FC5C-667F-4626-A06B-EB73FC2681E5}.Release|ARM.Deploy.0 = Release|ARM
		{BF25FC5C-667F-4626-A06B-EB73FC2681E5}.Release|ARM64.ActiveCfg = Release|ARM64
		{BF25FC5C-667F-4626-A06B-EB73FC2681E5}.Release|ARM64.Build.0 = Release|ARM64
		{BF25FC5C-667F-4626-A06B-EB73FC2681E5}.Release|ARM64.Deploy.0 = Release|ARM64
		{BF25FC5C-667F-4626-A06B-EB73FC2681E5}.Release|x64.ActiveCfg = Release|x64
		{BF25FC5C-667F-4626-A06B-EB73FC2681E5}.Release|x64.Build.0 = Release|x64
		{BF25FC5C-667F-4626-A06B-EB73FC2681E5}.Release|x64.Deploy.0 = Release|x64
		{BF25FC5C-667F-4626-A06B-EB73FC2681E5}.Release|x86.ActiveCfg = Release|x86
		{BF25FC5C-667F-4626-A06B-EB73FC2681E5}.Release|x86.Build.0 = Release|x86
		{BF25FC5C-667F-4626-A06B-EB73FC2681E5}.Release|x86.Deploy.0 = Release|x86
	EndGlobalSection
	GlobalSection(SolutionProperties) = preSolution
		HideSolutionNode = FALSE
	EndGlobalSection
	GlobalSection(NestedProjects) = preSolution
		{BF25FC5C-667F-4626-A06B-EB73FC2681E5} = {EF5B7363-5BDD-4065-A493-2BD0E6EEA37D}
	EndGlobalSection
	GlobalSection(ExtensibilityGlobals) = postSolution
		SolutionGuid = {88547B2A-4BD9-4708-A6C5-FC67050F4CB5}
	EndGlobalSection
EndGlobal
