
Microsoft Visual Studio Solution File, Format Version 12.00
# Visual Studio Version 17
VisualStudioVersion = 17.1.32421.90
MinimumVisualStudioVersion = 10.0.40219.1
Project("{9A19103F-16F7-4668-BE54-9A1E7A4F7556}") = "1Pass.DBAPI", "1Pass.DBAPI\1Pass.DBAPI.csproj", "{FA6BCCD1-31C2-41DF-954F-6A0723F020D1}"
EndProject
Project("{9A19103F-16F7-4668-BE54-9A1E7A4F7556}") = "1Pass.DBEngine", "1Pass.DBEngine\1Pass.DBEngine.csproj", "{9282C801-4748-4EF7-822A-F1AF08BEEE00}"
EndProject
Project("{9A19103F-16F7-4668-BE54-9A1E7A4F7556}") = "1Pass.Entities", "1Pass.Entities\1Pass.Entities.csproj", "{61D65DDE-D560-48B8-9EB7-21A9F99BA072}"
EndProject
Project("{9A19103F-16F7-4668-BE54-9A1E7A4F7556}") = "1Pass.Encryption", "1Pass.Encryption\1Pass.Encryption.csproj", "{6C46948A-AA16-4FCC-949B-61D033D40A92}"
EndProject
Project("{2150E333-8FDC-42A3-9474-1A3956D46DE8}") = "1Pass.UI", "1Pass.UI", "{EF5B7363-5BDD-4065-A493-2BD0E6EEA37D}"
EndProject
Project("{9A19103F-16F7-4668-BE54-9A1E7A4F7556}") = "ConsoleApp1", "ConsoleApp1\ConsoleApp1.csproj", "{B26D714E-A7C0-4681-899F-73A4897D3D16}"
EndProject
Project("{FAE04EC0-301F-11D3-BF4B-00C04F79EFBC}") = "1Pass.UI.XamarinUi.UWP", "1Pass.UI.XamarinUi\1Pass.UI.XamarinUi.UWP\1Pass.UI.XamarinUi.UWP.csproj", "{FC2FC2D8-B1F1-4024-987B-17A0BDF3B15D}"
EndProject
Project("{FAE04EC0-301F-11D3-BF4B-00C04F79EFBC}") = "1Pass.UI.XamarinUi.Android", "1Pass.UI.XamarinUi\1Pass.UI.XamarinUi.Android\1Pass.UI.XamarinUi.Android.csproj", "{A8851431-A2AE-4EEE-9FD4-FBC9319614D5}"
EndProject
Project("{9A19103F-16F7-4668-BE54-9A1E7A4F7556}") = "1Pass.UI.XamarinUi", "1Pass.UI.XamarinUi\1Pass.UI.XamarinUi\1Pass.UI.XamarinUi.csproj", "{90BA8CD9-583B-4402-907B-01D3B8E1235C}"
EndProject
Project("{2150E333-8FDC-42A3-9474-1A3956D46DE8}") = "1Pass.NetStandart.Libs", "1Pass.NetStandart.Libs", "{CE404597-5904-4776-8C19-C766C43725D5}"
EndProject
Project("{9A19103F-16F7-4668-BE54-9A1E7A4F7556}") = "1Pass.NetStandart.Libs.DBAPI", "1Pass.NetStandart.Libs.DBAPI\1Pass.NetStandart.Libs.DBAPI.csproj", "{B827F8DE-659B-42F3-870D-3CE56E6DA5FF}"
EndProject
Project("{9A19103F-16F7-4668-BE54-9A1E7A4F7556}") = "1Pass.NetStandart.Libs.Entities", "1Pass.NetStandart.Libs.Entities\1Pass.NetStandart.Libs.Entities.csproj", "{7BC99A82-B4B8-48F3-96EB-9442D9067457}"
EndProject
Project("{9A19103F-16F7-4668-BE54-9A1E7A4F7556}") = "1Pass.NetStandart.Libs.Encryption", "1Pass.NetStandart.Libs.Encryption\1Pass.NetStandart.Libs.Encryption.csproj", "{3E83755B-1118-48BB-9FC5-9F0EE8AED555}"
EndProject
Global
	GlobalSection(SolutionConfigurationPlatforms) = preSolution
		Debug|Any CPU = Debug|Any CPU
		Debug|ARM = Debug|ARM
		Debug|ARM64 = Debug|ARM64
		Debug|iPhone = Debug|iPhone
		Debug|iPhoneSimulator = Debug|iPhoneSimulator
		Debug|x64 = Debug|x64
		Debug|x86 = Debug|x86
		Release|Any CPU = Release|Any CPU
		Release|ARM = Release|ARM
		Release|ARM64 = Release|ARM64
		Release|iPhone = Release|iPhone
		Release|iPhoneSimulator = Release|iPhoneSimulator
		Release|x64 = Release|x64
		Release|x86 = Release|x86
	EndGlobalSection
	GlobalSection(ProjectConfigurationPlatforms) = postSolution
		{FA6BCCD1-31C2-41DF-954F-6A0723F020D1}.Debug|Any CPU.ActiveCfg = Debug|Any CPU
		{FA6BCCD1-31C2-41DF-954F-6A0723F020D1}.Debug|Any CPU.Build.0 = Debug|Any CPU
		{FA6BCCD1-31C2-41DF-954F-6A0723F020D1}.Debug|ARM.ActiveCfg = Debug|Any CPU
		{FA6BCCD1-31C2-41DF-954F-6A0723F020D1}.Debug|ARM.Build.0 = Debug|Any CPU
		{FA6BCCD1-31C2-41DF-954F-6A0723F020D1}.Debug|ARM64.ActiveCfg = Debug|Any CPU
		{FA6BCCD1-31C2-41DF-954F-6A0723F020D1}.Debug|ARM64.Build.0 = Debug|Any CPU
		{FA6BCCD1-31C2-41DF-954F-6A0723F020D1}.Debug|iPhone.ActiveCfg = Debug|Any CPU
		{FA6BCCD1-31C2-41DF-954F-6A0723F020D1}.Debug|iPhone.Build.0 = Debug|Any CPU
		{FA6BCCD1-31C2-41DF-954F-6A0723F020D1}.Debug|iPhoneSimulator.ActiveCfg = Debug|Any CPU
		{FA6BCCD1-31C2-41DF-954F-6A0723F020D1}.Debug|iPhoneSimulator.Build.0 = Debug|Any CPU
		{FA6BCCD1-31C2-41DF-954F-6A0723F020D1}.Debug|x64.ActiveCfg = Debug|Any CPU
		{FA6BCCD1-31C2-41DF-954F-6A0723F020D1}.Debug|x64.Build.0 = Debug|Any CPU
		{FA6BCCD1-31C2-41DF-954F-6A0723F020D1}.Debug|x86.ActiveCfg = Debug|Any CPU
		{FA6BCCD1-31C2-41DF-954F-6A0723F020D1}.Debug|x86.Build.0 = Debug|Any CPU
		{FA6BCCD1-31C2-41DF-954F-6A0723F020D1}.Release|Any CPU.ActiveCfg = Release|Any CPU
		{FA6BCCD1-31C2-41DF-954F-6A0723F020D1}.Release|Any CPU.Build.0 = Release|Any CPU
		{FA6BCCD1-31C2-41DF-954F-6A0723F020D1}.Release|ARM.ActiveCfg = Release|Any CPU
		{FA6BCCD1-31C2-41DF-954F-6A0723F020D1}.Release|ARM.Build.0 = Release|Any CPU
		{FA6BCCD1-31C2-41DF-954F-6A0723F020D1}.Release|ARM64.ActiveCfg = Release|Any CPU
		{FA6BCCD1-31C2-41DF-954F-6A0723F020D1}.Release|ARM64.Build.0 = Release|Any CPU
		{FA6BCCD1-31C2-41DF-954F-6A0723F020D1}.Release|iPhone.ActiveCfg = Release|Any CPU
		{FA6BCCD1-31C2-41DF-954F-6A0723F020D1}.Release|iPhone.Build.0 = Release|Any CPU
		{FA6BCCD1-31C2-41DF-954F-6A0723F020D1}.Release|iPhoneSimulator.ActiveCfg = Release|Any CPU
		{FA6BCCD1-31C2-41DF-954F-6A0723F020D1}.Release|iPhoneSimulator.Build.0 = Release|Any CPU
		{FA6BCCD1-31C2-41DF-954F-6A0723F020D1}.Release|x64.ActiveCfg = Release|Any CPU
		{FA6BCCD1-31C2-41DF-954F-6A0723F020D1}.Release|x64.Build.0 = Release|Any CPU
		{FA6BCCD1-31C2-41DF-954F-6A0723F020D1}.Release|x86.ActiveCfg = Release|Any CPU
		{FA6BCCD1-31C2-41DF-954F-6A0723F020D1}.Release|x86.Build.0 = Release|Any CPU
		{9282C801-4748-4EF7-822A-F1AF08BEEE00}.Debug|Any CPU.ActiveCfg = Debug|Any CPU
		{9282C801-4748-4EF7-822A-F1AF08BEEE00}.Debug|Any CPU.Build.0 = Debug|Any CPU
		{9282C801-4748-4EF7-822A-F1AF08BEEE00}.Debug|ARM.ActiveCfg = Debug|Any CPU
		{9282C801-4748-4EF7-822A-F1AF08BEEE00}.Debug|ARM.Build.0 = Debug|Any CPU
		{9282C801-4748-4EF7-822A-F1AF08BEEE00}.Debug|ARM64.ActiveCfg = Debug|Any CPU
		{9282C801-4748-4EF7-822A-F1AF08BEEE00}.Debug|ARM64.Build.0 = Debug|Any CPU
		{9282C801-4748-4EF7-822A-F1AF08BEEE00}.Debug|iPhone.ActiveCfg = Debug|Any CPU
		{9282C801-4748-4EF7-822A-F1AF08BEEE00}.Debug|iPhone.Build.0 = Debug|Any CPU
		{9282C801-4748-4EF7-822A-F1AF08BEEE00}.Debug|iPhoneSimulator.ActiveCfg = Debug|Any CPU
		{9282C801-4748-4EF7-822A-F1AF08BEEE00}.Debug|iPhoneSimulator.Build.0 = Debug|Any CPU
		{9282C801-4748-4EF7-822A-F1AF08BEEE00}.Debug|x64.ActiveCfg = Debug|Any CPU
		{9282C801-4748-4EF7-822A-F1AF08BEEE00}.Debug|x64.Build.0 = Debug|Any CPU
		{9282C801-4748-4EF7-822A-F1AF08BEEE00}.Debug|x86.ActiveCfg = Debug|Any CPU
		{9282C801-4748-4EF7-822A-F1AF08BEEE00}.Debug|x86.Build.0 = Debug|Any CPU
		{9282C801-4748-4EF7-822A-F1AF08BEEE00}.Release|Any CPU.ActiveCfg = Release|Any CPU
		{9282C801-4748-4EF7-822A-F1AF08BEEE00}.Release|Any CPU.Build.0 = Release|Any CPU
		{9282C801-4748-4EF7-822A-F1AF08BEEE00}.Release|ARM.ActiveCfg = Release|Any CPU
		{9282C801-4748-4EF7-822A-F1AF08BEEE00}.Release|ARM.Build.0 = Release|Any CPU
		{9282C801-4748-4EF7-822A-F1AF08BEEE00}.Release|ARM64.ActiveCfg = Release|Any CPU
		{9282C801-4748-4EF7-822A-F1AF08BEEE00}.Release|ARM64.Build.0 = Release|Any CPU
		{9282C801-4748-4EF7-822A-F1AF08BEEE00}.Release|iPhone.ActiveCfg = Release|Any CPU
		{9282C801-4748-4EF7-822A-F1AF08BEEE00}.Release|iPhone.Build.0 = Release|Any CPU
		{9282C801-4748-4EF7-822A-F1AF08BEEE00}.Release|iPhoneSimulator.ActiveCfg = Release|Any CPU
		{9282C801-4748-4EF7-822A-F1AF08BEEE00}.Release|iPhoneSimulator.Build.0 = Release|Any CPU
		{9282C801-4748-4EF7-822A-F1AF08BEEE00}.Release|x64.ActiveCfg = Release|Any CPU
		{9282C801-4748-4EF7-822A-F1AF08BEEE00}.Release|x64.Build.0 = Release|Any CPU
		{9282C801-4748-4EF7-822A-F1AF08BEEE00}.Release|x86.ActiveCfg = Release|Any CPU
		{9282C801-4748-4EF7-822A-F1AF08BEEE00}.Release|x86.Build.0 = Release|Any CPU
		{61D65DDE-D560-48B8-9EB7-21A9F99BA072}.Debug|Any CPU.ActiveCfg = Debug|Any CPU
		{61D65DDE-D560-48B8-9EB7-21A9F99BA072}.Debug|Any CPU.Build.0 = Debug|Any CPU
		{61D65DDE-D560-48B8-9EB7-21A9F99BA072}.Debug|ARM.ActiveCfg = Debug|Any CPU
		{61D65DDE-D560-48B8-9EB7-21A9F99BA072}.Debug|ARM.Build.0 = Debug|Any CPU
		{61D65DDE-D560-48B8-9EB7-21A9F99BA072}.Debug|ARM64.ActiveCfg = Debug|Any CPU
		{61D65DDE-D560-48B8-9EB7-21A9F99BA072}.Debug|ARM64.Build.0 = Debug|Any CPU
		{61D65DDE-D560-48B8-9EB7-21A9F99BA072}.Debug|iPhone.ActiveCfg = Debug|Any CPU
		{61D65DDE-D560-48B8-9EB7-21A9F99BA072}.Debug|iPhone.Build.0 = Debug|Any CPU
		{61D65DDE-D560-48B8-9EB7-21A9F99BA072}.Debug|iPhoneSimulator.ActiveCfg = Debug|Any CPU
		{61D65DDE-D560-48B8-9EB7-21A9F99BA072}.Debug|iPhoneSimulator.Build.0 = Debug|Any CPU
		{61D65DDE-D560-48B8-9EB7-21A9F99BA072}.Debug|x64.ActiveCfg = Debug|Any CPU
		{61D65DDE-D560-48B8-9EB7-21A9F99BA072}.Debug|x64.Build.0 = Debug|Any CPU
		{61D65DDE-D560-48B8-9EB7-21A9F99BA072}.Debug|x86.ActiveCfg = Debug|Any CPU
		{61D65DDE-D560-48B8-9EB7-21A9F99BA072}.Debug|x86.Build.0 = Debug|Any CPU
		{61D65DDE-D560-48B8-9EB7-21A9F99BA072}.Release|Any CPU.ActiveCfg = Release|Any CPU
		{61D65DDE-D560-48B8-9EB7-21A9F99BA072}.Release|Any CPU.Build.0 = Release|Any CPU
		{61D65DDE-D560-48B8-9EB7-21A9F99BA072}.Release|ARM.ActiveCfg = Release|Any CPU
		{61D65DDE-D560-48B8-9EB7-21A9F99BA072}.Release|ARM.Build.0 = Release|Any CPU
		{61D65DDE-D560-48B8-9EB7-21A9F99BA072}.Release|ARM64.ActiveCfg = Release|Any CPU
		{61D65DDE-D560-48B8-9EB7-21A9F99BA072}.Release|ARM64.Build.0 = Release|Any CPU
		{61D65DDE-D560-48B8-9EB7-21A9F99BA072}.Release|iPhone.ActiveCfg = Release|Any CPU
		{61D65DDE-D560-48B8-9EB7-21A9F99BA072}.Release|iPhone.Build.0 = Release|Any CPU
		{61D65DDE-D560-48B8-9EB7-21A9F99BA072}.Release|iPhoneSimulator.ActiveCfg = Release|Any CPU
		{61D65DDE-D560-48B8-9EB7-21A9F99BA072}.Release|iPhoneSimulator.Build.0 = Release|Any CPU
		{61D65DDE-D560-48B8-9EB7-21A9F99BA072}.Release|x64.ActiveCfg = Release|Any CPU
		{61D65DDE-D560-48B8-9EB7-21A9F99BA072}.Release|x64.Build.0 = Release|Any CPU
		{61D65DDE-D560-48B8-9EB7-21A9F99BA072}.Release|x86.ActiveCfg = Release|Any CPU
		{61D65DDE-D560-48B8-9EB7-21A9F99BA072}.Release|x86.Build.0 = Release|Any CPU
		{6C46948A-AA16-4FCC-949B-61D033D40A92}.Debug|Any CPU.ActiveCfg = Debug|Any CPU
		{6C46948A-AA16-4FCC-949B-61D033D40A92}.Debug|Any CPU.Build.0 = Debug|Any CPU
		{6C46948A-AA16-4FCC-949B-61D033D40A92}.Debug|ARM.ActiveCfg = Debug|Any CPU
		{6C46948A-AA16-4FCC-949B-61D033D40A92}.Debug|ARM.Build.0 = Debug|Any CPU
		{6C46948A-AA16-4FCC-949B-61D033D40A92}.Debug|ARM64.ActiveCfg = Debug|Any CPU
		{6C46948A-AA16-4FCC-949B-61D033D40A92}.Debug|ARM64.Build.0 = Debug|Any CPU
		{6C46948A-AA16-4FCC-949B-61D033D40A92}.Debug|iPhone.ActiveCfg = Debug|Any CPU
		{6C46948A-AA16-4FCC-949B-61D033D40A92}.Debug|iPhone.Build.0 = Debug|Any CPU
		{6C46948A-AA16-4FCC-949B-61D033D40A92}.Debug|iPhoneSimulator.ActiveCfg = Debug|Any CPU
		{6C46948A-AA16-4FCC-949B-61D033D40A92}.Debug|iPhoneSimulator.Build.0 = Debug|Any CPU
		{6C46948A-AA16-4FCC-949B-61D033D40A92}.Debug|x64.ActiveCfg = Debug|Any CPU
		{6C46948A-AA16-4FCC-949B-61D033D40A92}.Debug|x64.Build.0 = Debug|Any CPU
		{6C46948A-AA16-4FCC-949B-61D033D40A92}.Debug|x86.ActiveCfg = Debug|Any CPU
		{6C46948A-AA16-4FCC-949B-61D033D40A92}.Debug|x86.Build.0 = Debug|Any CPU
		{6C46948A-AA16-4FCC-949B-61D033D40A92}.Release|Any CPU.ActiveCfg = Release|Any CPU
		{6C46948A-AA16-4FCC-949B-61D033D40A92}.Release|Any CPU.Build.0 = Release|Any CPU
		{6C46948A-AA16-4FCC-949B-61D033D40A92}.Release|ARM.ActiveCfg = Release|Any CPU
		{6C46948A-AA16-4FCC-949B-61D033D40A92}.Release|ARM.Build.0 = Release|Any CPU
		{6C46948A-AA16-4FCC-949B-61D033D40A92}.Release|ARM64.ActiveCfg = Release|Any CPU
		{6C46948A-AA16-4FCC-949B-61D033D40A92}.Release|ARM64.Build.0 = Release|Any CPU
		{6C46948A-AA16-4FCC-949B-61D033D40A92}.Release|iPhone.ActiveCfg = Release|Any CPU
		{6C46948A-AA16-4FCC-949B-61D033D40A92}.Release|iPhone.Build.0 = Release|Any CPU
		{6C46948A-AA16-4FCC-949B-61D033D40A92}.Release|iPhoneSimulator.ActiveCfg = Release|Any CPU
		{6C46948A-AA16-4FCC-949B-61D033D40A92}.Release|iPhoneSimulator.Build.0 = Release|Any CPU
		{6C46948A-AA16-4FCC-949B-61D033D40A92}.Release|x64.ActiveCfg = Release|Any CPU
		{6C46948A-AA16-4FCC-949B-61D033D40A92}.Release|x64.Build.0 = Release|Any CPU
		{6C46948A-AA16-4FCC-949B-61D033D40A92}.Release|x86.ActiveCfg = Release|Any CPU
		{6C46948A-AA16-4FCC-949B-61D033D40A92}.Release|x86.Build.0 = Release|Any CPU
		{B26D714E-A7C0-4681-899F-73A4897D3D16}.Debug|Any CPU.ActiveCfg = Debug|Any CPU
		{B26D714E-A7C0-4681-899F-73A4897D3D16}.Debug|Any CPU.Build.0 = Debug|Any CPU
		{B26D714E-A7C0-4681-899F-73A4897D3D16}.Debug|ARM.ActiveCfg = Debug|Any CPU
		{B26D714E-A7C0-4681-899F-73A4897D3D16}.Debug|ARM.Build.0 = Debug|Any CPU
		{B26D714E-A7C0-4681-899F-73A4897D3D16}.Debug|ARM64.ActiveCfg = Debug|Any CPU
		{B26D714E-A7C0-4681-899F-73A4897D3D16}.Debug|ARM64.Build.0 = Debug|Any CPU
		{B26D714E-A7C0-4681-899F-73A4897D3D16}.Debug|iPhone.ActiveCfg = Debug|Any CPU
		{B26D714E-A7C0-4681-899F-73A4897D3D16}.Debug|iPhone.Build.0 = Debug|Any CPU
		{B26D714E-A7C0-4681-899F-73A4897D3D16}.Debug|iPhoneSimulator.ActiveCfg = Debug|Any CPU
		{B26D714E-A7C0-4681-899F-73A4897D3D16}.Debug|iPhoneSimulator.Build.0 = Debug|Any CPU
		{B26D714E-A7C0-4681-899F-73A4897D3D16}.Debug|x64.ActiveCfg = Debug|Any CPU
		{B26D714E-A7C0-4681-899F-73A4897D3D16}.Debug|x64.Build.0 = Debug|Any CPU
		{B26D714E-A7C0-4681-899F-73A4897D3D16}.Debug|x86.ActiveCfg = Debug|Any CPU
		{B26D714E-A7C0-4681-899F-73A4897D3D16}.Debug|x86.Build.0 = Debug|Any CPU
		{B26D714E-A7C0-4681-899F-73A4897D3D16}.Release|Any CPU.ActiveCfg = Release|Any CPU
		{B26D714E-A7C0-4681-899F-73A4897D3D16}.Release|Any CPU.Build.0 = Release|Any CPU
		{B26D714E-A7C0-4681-899F-73A4897D3D16}.Release|ARM.ActiveCfg = Release|Any CPU
		{B26D714E-A7C0-4681-899F-73A4897D3D16}.Release|ARM.Build.0 = Release|Any CPU
		{B26D714E-A7C0-4681-899F-73A4897D3D16}.Release|ARM64.ActiveCfg = Release|Any CPU
		{B26D714E-A7C0-4681-899F-73A4897D3D16}.Release|ARM64.Build.0 = Release|Any CPU
		{B26D714E-A7C0-4681-899F-73A4897D3D16}.Release|iPhone.ActiveCfg = Release|Any CPU
		{B26D714E-A7C0-4681-899F-73A4897D3D16}.Release|iPhone.Build.0 = Release|Any CPU
		{B26D714E-A7C0-4681-899F-73A4897D3D16}.Release|iPhoneSimulator.ActiveCfg = Release|Any CPU
		{B26D714E-A7C0-4681-899F-73A4897D3D16}.Release|iPhoneSimulator.Build.0 = Release|Any CPU
		{B26D714E-A7C0-4681-899F-73A4897D3D16}.Release|x64.ActiveCfg = Release|Any CPU
		{B26D714E-A7C0-4681-899F-73A4897D3D16}.Release|x64.Build.0 = Release|Any CPU
		{B26D714E-A7C0-4681-899F-73A4897D3D16}.Release|x86.ActiveCfg = Release|Any CPU
		{B26D714E-A7C0-4681-899F-73A4897D3D16}.Release|x86.Build.0 = Release|Any CPU
		{FC2FC2D8-B1F1-4024-987B-17A0BDF3B15D}.Debug|Any CPU.ActiveCfg = Debug|x64
		{FC2FC2D8-B1F1-4024-987B-17A0BDF3B15D}.Debug|Any CPU.Build.0 = Debug|x64
		{FC2FC2D8-B1F1-4024-987B-17A0BDF3B15D}.Debug|Any CPU.Deploy.0 = Debug|x64
		{FC2FC2D8-B1F1-4024-987B-17A0BDF3B15D}.Debug|ARM.ActiveCfg = Debug|ARM
		{FC2FC2D8-B1F1-4024-987B-17A0BDF3B15D}.Debug|ARM.Build.0 = Debug|ARM
		{FC2FC2D8-B1F1-4024-987B-17A0BDF3B15D}.Debug|ARM.Deploy.0 = Debug|ARM
		{FC2FC2D8-B1F1-4024-987B-17A0BDF3B15D}.Debug|ARM64.ActiveCfg = Debug|x64
		{FC2FC2D8-B1F1-4024-987B-17A0BDF3B15D}.Debug|ARM64.Build.0 = Debug|x64
		{FC2FC2D8-B1F1-4024-987B-17A0BDF3B15D}.Debug|ARM64.Deploy.0 = Debug|x64
		{FC2FC2D8-B1F1-4024-987B-17A0BDF3B15D}.Debug|iPhone.ActiveCfg = Debug|x64
		{FC2FC2D8-B1F1-4024-987B-17A0BDF3B15D}.Debug|iPhone.Build.0 = Debug|x64
		{FC2FC2D8-B1F1-4024-987B-17A0BDF3B15D}.Debug|iPhone.Deploy.0 = Debug|x64
		{FC2FC2D8-B1F1-4024-987B-17A0BDF3B15D}.Debug|iPhoneSimulator.ActiveCfg = Debug|x64
		{FC2FC2D8-B1F1-4024-987B-17A0BDF3B15D}.Debug|iPhoneSimulator.Build.0 = Debug|x64
		{FC2FC2D8-B1F1-4024-987B-17A0BDF3B15D}.Debug|iPhoneSimulator.Deploy.0 = Debug|x64
		{FC2FC2D8-B1F1-4024-987B-17A0BDF3B15D}.Debug|x64.ActiveCfg = Debug|x64
		{FC2FC2D8-B1F1-4024-987B-17A0BDF3B15D}.Debug|x64.Build.0 = Debug|x64
		{FC2FC2D8-B1F1-4024-987B-17A0BDF3B15D}.Debug|x64.Deploy.0 = Debug|x64
		{FC2FC2D8-B1F1-4024-987B-17A0BDF3B15D}.Debug|x86.ActiveCfg = Debug|x86
		{FC2FC2D8-B1F1-4024-987B-17A0BDF3B15D}.Debug|x86.Build.0 = Debug|x86
		{FC2FC2D8-B1F1-4024-987B-17A0BDF3B15D}.Debug|x86.Deploy.0 = Debug|x86
		{FC2FC2D8-B1F1-4024-987B-17A0BDF3B15D}.Release|Any CPU.ActiveCfg = Release|x64
		{FC2FC2D8-B1F1-4024-987B-17A0BDF3B15D}.Release|Any CPU.Build.0 = Release|x64
		{FC2FC2D8-B1F1-4024-987B-17A0BDF3B15D}.Release|Any CPU.Deploy.0 = Release|x64
		{FC2FC2D8-B1F1-4024-987B-17A0BDF3B15D}.Release|ARM.ActiveCfg = Release|ARM
		{FC2FC2D8-B1F1-4024-987B-17A0BDF3B15D}.Release|ARM.Build.0 = Release|ARM
		{FC2FC2D8-B1F1-4024-987B-17A0BDF3B15D}.Release|ARM.Deploy.0 = Release|ARM
		{FC2FC2D8-B1F1-4024-987B-17A0BDF3B15D}.Release|ARM64.ActiveCfg = Release|x64
		{FC2FC2D8-B1F1-4024-987B-17A0BDF3B15D}.Release|ARM64.Build.0 = Release|x64
		{FC2FC2D8-B1F1-4024-987B-17A0BDF3B15D}.Release|ARM64.Deploy.0 = Release|x64
		{FC2FC2D8-B1F1-4024-987B-17A0BDF3B15D}.Release|iPhone.ActiveCfg = Release|x64
		{FC2FC2D8-B1F1-4024-987B-17A0BDF3B15D}.Release|iPhone.Build.0 = Release|x64
		{FC2FC2D8-B1F1-4024-987B-17A0BDF3B15D}.Release|iPhone.Deploy.0 = Release|x64
		{FC2FC2D8-B1F1-4024-987B-17A0BDF3B15D}.Release|iPhoneSimulator.ActiveCfg = Release|x64
		{FC2FC2D8-B1F1-4024-987B-17A0BDF3B15D}.Release|iPhoneSimulator.Build.0 = Release|x64
		{FC2FC2D8-B1F1-4024-987B-17A0BDF3B15D}.Release|iPhoneSimulator.Deploy.0 = Release|x64
		{FC2FC2D8-B1F1-4024-987B-17A0BDF3B15D}.Release|x64.ActiveCfg = Release|x64
		{FC2FC2D8-B1F1-4024-987B-17A0BDF3B15D}.Release|x64.Build.0 = Release|x64
		{FC2FC2D8-B1F1-4024-987B-17A0BDF3B15D}.Release|x64.Deploy.0 = Release|x64
		{FC2FC2D8-B1F1-4024-987B-17A0BDF3B15D}.Release|x86.ActiveCfg = Release|x86
		{FC2FC2D8-B1F1-4024-987B-17A0BDF3B15D}.Release|x86.Build.0 = Release|x86
		{FC2FC2D8-B1F1-4024-987B-17A0BDF3B15D}.Release|x86.Deploy.0 = Release|x86
		{A8851431-A2AE-4EEE-9FD4-FBC9319614D5}.Debug|Any CPU.ActiveCfg = Debug|Any CPU
		{A8851431-A2AE-4EEE-9FD4-FBC9319614D5}.Debug|Any CPU.Build.0 = Debug|Any CPU
		{A8851431-A2AE-4EEE-9FD4-FBC9319614D5}.Debug|Any CPU.Deploy.0 = Debug|Any CPU
		{A8851431-A2AE-4EEE-9FD4-FBC9319614D5}.Debug|ARM.ActiveCfg = Debug|Any CPU
		{A8851431-A2AE-4EEE-9FD4-FBC9319614D5}.Debug|ARM.Build.0 = Debug|Any CPU
		{A8851431-A2AE-4EEE-9FD4-FBC9319614D5}.Debug|ARM.Deploy.0 = Debug|Any CPU
		{A8851431-A2AE-4EEE-9FD4-FBC9319614D5}.Debug|ARM64.ActiveCfg = Debug|Any CPU
		{A8851431-A2AE-4EEE-9FD4-FBC9319614D5}.Debug|ARM64.Build.0 = Debug|Any CPU
		{A8851431-A2AE-4EEE-9FD4-FBC9319614D5}.Debug|ARM64.Deploy.0 = Debug|Any CPU
		{A8851431-A2AE-4EEE-9FD4-FBC9319614D5}.Debug|iPhone.ActiveCfg = Debug|Any CPU
		{A8851431-A2AE-4EEE-9FD4-FBC9319614D5}.Debug|iPhone.Build.0 = Debug|Any CPU
		{A8851431-A2AE-4EEE-9FD4-FBC9319614D5}.Debug|iPhone.Deploy.0 = Debug|Any CPU
		{A8851431-A2AE-4EEE-9FD4-FBC9319614D5}.Debug|iPhoneSimulator.ActiveCfg = Debug|Any CPU
		{A8851431-A2AE-4EEE-9FD4-FBC9319614D5}.Debug|iPhoneSimulator.Build.0 = Debug|Any CPU
		{A8851431-A2AE-4EEE-9FD4-FBC9319614D5}.Debug|iPhoneSimulator.Deploy.0 = Debug|Any CPU
		{A8851431-A2AE-4EEE-9FD4-FBC9319614D5}.Debug|x64.ActiveCfg = Debug|Any CPU
		{A8851431-A2AE-4EEE-9FD4-FBC9319614D5}.Debug|x64.Build.0 = Debug|Any CPU
		{A8851431-A2AE-4EEE-9FD4-FBC9319614D5}.Debug|x64.Deploy.0 = Debug|Any CPU
		{A8851431-A2AE-4EEE-9FD4-FBC9319614D5}.Debug|x86.ActiveCfg = Debug|Any CPU
		{A8851431-A2AE-4EEE-9FD4-FBC9319614D5}.Debug|x86.Build.0 = Debug|Any CPU
		{A8851431-A2AE-4EEE-9FD4-FBC9319614D5}.Debug|x86.Deploy.0 = Debug|Any CPU
		{A8851431-A2AE-4EEE-9FD4-FBC9319614D5}.Release|Any CPU.ActiveCfg = Release|Any CPU
		{A8851431-A2AE-4EEE-9FD4-FBC9319614D5}.Release|Any CPU.Build.0 = Release|Any CPU
		{A8851431-A2AE-4EEE-9FD4-FBC9319614D5}.Release|Any CPU.Deploy.0 = Release|Any CPU
		{A8851431-A2AE-4EEE-9FD4-FBC9319614D5}.Release|ARM.ActiveCfg = Release|Any CPU
		{A8851431-A2AE-4EEE-9FD4-FBC9319614D5}.Release|ARM.Build.0 = Release|Any CPU
		{A8851431-A2AE-4EEE-9FD4-FBC9319614D5}.Release|ARM.Deploy.0 = Release|Any CPU
		{A8851431-A2AE-4EEE-9FD4-FBC9319614D5}.Release|ARM64.ActiveCfg = Release|Any CPU
		{A8851431-A2AE-4EEE-9FD4-FBC9319614D5}.Release|ARM64.Build.0 = Release|Any CPU
		{A8851431-A2AE-4EEE-9FD4-FBC9319614D5}.Release|ARM64.Deploy.0 = Release|Any CPU
		{A8851431-A2AE-4EEE-9FD4-FBC9319614D5}.Release|iPhone.ActiveCfg = Release|Any CPU
		{A8851431-A2AE-4EEE-9FD4-FBC9319614D5}.Release|iPhone.Build.0 = Release|Any CPU
		{A8851431-A2AE-4EEE-9FD4-FBC9319614D5}.Release|iPhone.Deploy.0 = Release|Any CPU
		{A8851431-A2AE-4EEE-9FD4-FBC9319614D5}.Release|iPhoneSimulator.ActiveCfg = Release|Any CPU
		{A8851431-A2AE-4EEE-9FD4-FBC9319614D5}.Release|iPhoneSimulator.Build.0 = Release|Any CPU
		{A8851431-A2AE-4EEE-9FD4-FBC9319614D5}.Release|iPhoneSimulator.Deploy.0 = Release|Any CPU
		{A8851431-A2AE-4EEE-9FD4-FBC9319614D5}.Release|x64.ActiveCfg = Release|Any CPU
		{A8851431-A2AE-4EEE-9FD4-FBC9319614D5}.Release|x64.Build.0 = Release|Any CPU
		{A8851431-A2AE-4EEE-9FD4-FBC9319614D5}.Release|x64.Deploy.0 = Release|Any CPU
		{A8851431-A2AE-4EEE-9FD4-FBC9319614D5}.Release|x86.ActiveCfg = Release|Any CPU
		{A8851431-A2AE-4EEE-9FD4-FBC9319614D5}.Release|x86.Build.0 = Release|Any CPU
		{A8851431-A2AE-4EEE-9FD4-FBC9319614D5}.Release|x86.Deploy.0 = Release|Any CPU
		{90BA8CD9-583B-4402-907B-01D3B8E1235C}.Debug|Any CPU.ActiveCfg = Debug|Any CPU
		{90BA8CD9-583B-4402-907B-01D3B8E1235C}.Debug|Any CPU.Build.0 = Debug|Any CPU
		{90BA8CD9-583B-4402-907B-01D3B8E1235C}.Debug|ARM.ActiveCfg = Debug|Any CPU
		{90BA8CD9-583B-4402-907B-01D3B8E1235C}.Debug|ARM.Build.0 = Debug|Any CPU
		{90BA8CD9-583B-4402-907B-01D3B8E1235C}.Debug|ARM64.ActiveCfg = Debug|Any CPU
		{90BA8CD9-583B-4402-907B-01D3B8E1235C}.Debug|ARM64.Build.0 = Debug|Any CPU
		{90BA8CD9-583B-4402-907B-01D3B8E1235C}.Debug|iPhone.ActiveCfg = Debug|Any CPU
		{90BA8CD9-583B-4402-907B-01D3B8E1235C}.Debug|iPhone.Build.0 = Debug|Any CPU
		{90BA8CD9-583B-4402-907B-01D3B8E1235C}.Debug|iPhoneSimulator.ActiveCfg = Debug|Any CPU
		{90BA8CD9-583B-4402-907B-01D3B8E1235C}.Debug|iPhoneSimulator.Build.0 = Debug|Any CPU
		{90BA8CD9-583B-4402-907B-01D3B8E1235C}.Debug|x64.ActiveCfg = Debug|Any CPU
		{90BA8CD9-583B-4402-907B-01D3B8E1235C}.Debug|x64.Build.0 = Debug|Any CPU
		{90BA8CD9-583B-4402-907B-01D3B8E1235C}.Debug|x86.ActiveCfg = Debug|Any CPU
		{90BA8CD9-583B-4402-907B-01D3B8E1235C}.Debug|x86.Build.0 = Debug|Any CPU
		{90BA8CD9-583B-4402-907B-01D3B8E1235C}.Release|Any CPU.ActiveCfg = Release|Any CPU
		{90BA8CD9-583B-4402-907B-01D3B8E1235C}.Release|Any CPU.Build.0 = Release|Any CPU
		{90BA8CD9-583B-4402-907B-01D3B8E1235C}.Release|ARM.ActiveCfg = Release|Any CPU
		{90BA8CD9-583B-4402-907B-01D3B8E1235C}.Release|ARM.Build.0 = Release|Any CPU
		{90BA8CD9-583B-4402-907B-01D3B8E1235C}.Release|ARM64.ActiveCfg = Release|Any CPU
		{90BA8CD9-583B-4402-907B-01D3B8E1235C}.Release|ARM64.Build.0 = Release|Any CPU
		{90BA8CD9-583B-4402-907B-01D3B8E1235C}.Release|iPhone.ActiveCfg = Release|Any CPU
		{90BA8CD9-583B-4402-907B-01D3B8E1235C}.Release|iPhone.Build.0 = Release|Any CPU
		{90BA8CD9-583B-4402-907B-01D3B8E1235C}.Release|iPhoneSimulator.ActiveCfg = Release|Any CPU
		{90BA8CD9-583B-4402-907B-01D3B8E1235C}.Release|iPhoneSimulator.Build.0 = Release|Any CPU
		{90BA8CD9-583B-4402-907B-01D3B8E1235C}.Release|x64.ActiveCfg = Release|Any CPU
		{90BA8CD9-583B-4402-907B-01D3B8E1235C}.Release|x64.Build.0 = Release|Any CPU
		{90BA8CD9-583B-4402-907B-01D3B8E1235C}.Release|x86.ActiveCfg = Release|Any CPU
		{90BA8CD9-583B-4402-907B-01D3B8E1235C}.Release|x86.Build.0 = Release|Any CPU
		{B827F8DE-659B-42F3-870D-3CE56E6DA5FF}.Debug|Any CPU.ActiveCfg = Debug|Any CPU
		{B827F8DE-659B-42F3-870D-3CE56E6DA5FF}.Debug|Any CPU.Build.0 = Debug|Any CPU
		{B827F8DE-659B-42F3-870D-3CE56E6DA5FF}.Debug|ARM.ActiveCfg = Debug|Any CPU
		{B827F8DE-659B-42F3-870D-3CE56E6DA5FF}.Debug|ARM.Build.0 = Debug|Any CPU
		{B827F8DE-659B-42F3-870D-3CE56E6DA5FF}.Debug|ARM64.ActiveCfg = Debug|Any CPU
		{B827F8DE-659B-42F3-870D-3CE56E6DA5FF}.Debug|ARM64.Build.0 = Debug|Any CPU
		{B827F8DE-659B-42F3-870D-3CE56E6DA5FF}.Debug|iPhone.ActiveCfg = Debug|Any CPU
		{B827F8DE-659B-42F3-870D-3CE56E6DA5FF}.Debug|iPhone.Build.0 = Debug|Any CPU
		{B827F8DE-659B-42F3-870D-3CE56E6DA5FF}.Debug|iPhoneSimulator.ActiveCfg = Debug|Any CPU
		{B827F8DE-659B-42F3-870D-3CE56E6DA5FF}.Debug|iPhoneSimulator.Build.0 = Debug|Any CPU
		{B827F8DE-659B-42F3-870D-3CE56E6DA5FF}.Debug|x64.ActiveCfg = Debug|Any CPU
		{B827F8DE-659B-42F3-870D-3CE56E6DA5FF}.Debug|x64.Build.0 = Debug|Any CPU
		{B827F8DE-659B-42F3-870D-3CE56E6DA5FF}.Debug|x86.ActiveCfg = Debug|Any CPU
		{B827F8DE-659B-42F3-870D-3CE56E6DA5FF}.Debug|x86.Build.0 = Debug|Any CPU
		{B827F8DE-659B-42F3-870D-3CE56E6DA5FF}.Release|Any CPU.ActiveCfg = Release|Any CPU
		{B827F8DE-659B-42F3-870D-3CE56E6DA5FF}.Release|Any CPU.Build.0 = Release|Any CPU
		{B827F8DE-659B-42F3-870D-3CE56E6DA5FF}.Release|ARM.ActiveCfg = Release|Any CPU
		{B827F8DE-659B-42F3-870D-3CE56E6DA5FF}.Release|ARM.Build.0 = Release|Any CPU
		{B827F8DE-659B-42F3-870D-3CE56E6DA5FF}.Release|ARM64.ActiveCfg = Release|Any CPU
		{B827F8DE-659B-42F3-870D-3CE56E6DA5FF}.Release|ARM64.Build.0 = Release|Any CPU
		{B827F8DE-659B-42F3-870D-3CE56E6DA5FF}.Release|iPhone.ActiveCfg = Release|Any CPU
		{B827F8DE-659B-42F3-870D-3CE56E6DA5FF}.Release|iPhone.Build.0 = Release|Any CPU
		{B827F8DE-659B-42F3-870D-3CE56E6DA5FF}.Release|iPhoneSimulator.ActiveCfg = Release|Any CPU
		{B827F8DE-659B-42F3-870D-3CE56E6DA5FF}.Release|iPhoneSimulator.Build.0 = Release|Any CPU
		{B827F8DE-659B-42F3-870D-3CE56E6DA5FF}.Release|x64.ActiveCfg = Release|Any CPU
		{B827F8DE-659B-42F3-870D-3CE56E6DA5FF}.Release|x64.Build.0 = Release|Any CPU
		{B827F8DE-659B-42F3-870D-3CE56E6DA5FF}.Release|x86.ActiveCfg = Release|Any CPU
		{B827F8DE-659B-42F3-870D-3CE56E6DA5FF}.Release|x86.Build.0 = Release|Any CPU
		{7BC99A82-B4B8-48F3-96EB-9442D9067457}.Debug|Any CPU.ActiveCfg = Debug|Any CPU
		{7BC99A82-B4B8-48F3-96EB-9442D9067457}.Debug|Any CPU.Build.0 = Debug|Any CPU
		{7BC99A82-B4B8-48F3-96EB-9442D9067457}.Debug|ARM.ActiveCfg = Debug|Any CPU
		{7BC99A82-B4B8-48F3-96EB-9442D9067457}.Debug|ARM.Build.0 = Debug|Any CPU
		{7BC99A82-B4B8-48F3-96EB-9442D9067457}.Debug|ARM64.ActiveCfg = Debug|Any CPU
		{7BC99A82-B4B8-48F3-96EB-9442D9067457}.Debug|ARM64.Build.0 = Debug|Any CPU
		{7BC99A82-B4B8-48F3-96EB-9442D9067457}.Debug|iPhone.ActiveCfg = Debug|Any CPU
		{7BC99A82-B4B8-48F3-96EB-9442D9067457}.Debug|iPhone.Build.0 = Debug|Any CPU
		{7BC99A82-B4B8-48F3-96EB-9442D9067457}.Debug|iPhoneSimulator.ActiveCfg = Debug|Any CPU
		{7BC99A82-B4B8-48F3-96EB-9442D9067457}.Debug|iPhoneSimulator.Build.0 = Debug|Any CPU
		{7BC99A82-B4B8-48F3-96EB-9442D9067457}.Debug|x64.ActiveCfg = Debug|Any CPU
		{7BC99A82-B4B8-48F3-96EB-9442D9067457}.Debug|x64.Build.0 = Debug|Any CPU
		{7BC99A82-B4B8-48F3-96EB-9442D9067457}.Debug|x86.ActiveCfg = Debug|Any CPU
		{7BC99A82-B4B8-48F3-96EB-9442D9067457}.Debug|x86.Build.0 = Debug|Any CPU
		{7BC99A82-B4B8-48F3-96EB-9442D9067457}.Release|Any CPU.ActiveCfg = Release|Any CPU
		{7BC99A82-B4B8-48F3-96EB-9442D9067457}.Release|Any CPU.Build.0 = Release|Any CPU
		{7BC99A82-B4B8-48F3-96EB-9442D9067457}.Release|ARM.ActiveCfg = Release|Any CPU
		{7BC99A82-B4B8-48F3-96EB-9442D9067457}.Release|ARM.Build.0 = Release|Any CPU
		{7BC99A82-B4B8-48F3-96EB-9442D9067457}.Release|ARM64.ActiveCfg = Release|Any CPU
		{7BC99A82-B4B8-48F3-96EB-9442D9067457}.Release|ARM64.Build.0 = Release|Any CPU
		{7BC99A82-B4B8-48F3-96EB-9442D9067457}.Release|iPhone.ActiveCfg = Release|Any CPU
		{7BC99A82-B4B8-48F3-96EB-9442D9067457}.Release|iPhone.Build.0 = Release|Any CPU
		{7BC99A82-B4B8-48F3-96EB-9442D9067457}.Release|iPhoneSimulator.ActiveCfg = Release|Any CPU
		{7BC99A82-B4B8-48F3-96EB-9442D9067457}.Release|iPhoneSimulator.Build.0 = Release|Any CPU
		{7BC99A82-B4B8-48F3-96EB-9442D9067457}.Release|x64.ActiveCfg = Release|Any CPU
		{7BC99A82-B4B8-48F3-96EB-9442D9067457}.Release|x64.Build.0 = Release|Any CPU
		{7BC99A82-B4B8-48F3-96EB-9442D9067457}.Release|x86.ActiveCfg = Release|Any CPU
		{7BC99A82-B4B8-48F3-96EB-9442D9067457}.Release|x86.Build.0 = Release|Any CPU
		{3E83755B-1118-48BB-9FC5-9F0EE8AED555}.Debug|Any CPU.ActiveCfg = Debug|Any CPU
		{3E83755B-1118-48BB-9FC5-9F0EE8AED555}.Debug|Any CPU.Build.0 = Debug|Any CPU
		{3E83755B-1118-48BB-9FC5-9F0EE8AED555}.Debug|ARM.ActiveCfg = Debug|Any CPU
		{3E83755B-1118-48BB-9FC5-9F0EE8AED555}.Debug|ARM.Build.0 = Debug|Any CPU
		{3E83755B-1118-48BB-9FC5-9F0EE8AED555}.Debug|ARM64.ActiveCfg = Debug|Any CPU
		{3E83755B-1118-48BB-9FC5-9F0EE8AED555}.Debug|ARM64.Build.0 = Debug|Any CPU
		{3E83755B-1118-48BB-9FC5-9F0EE8AED555}.Debug|iPhone.ActiveCfg = Debug|Any CPU
		{3E83755B-1118-48BB-9FC5-9F0EE8AED555}.Debug|iPhone.Build.0 = Debug|Any CPU
		{3E83755B-1118-48BB-9FC5-9F0EE8AED555}.Debug|iPhoneSimulator.ActiveCfg = Debug|Any CPU
		{3E83755B-1118-48BB-9FC5-9F0EE8AED555}.Debug|iPhoneSimulator.Build.0 = Debug|Any CPU
		{3E83755B-1118-48BB-9FC5-9F0EE8AED555}.Debug|x64.ActiveCfg = Debug|Any CPU
		{3E83755B-1118-48BB-9FC5-9F0EE8AED555}.Debug|x64.Build.0 = Debug|Any CPU
		{3E83755B-1118-48BB-9FC5-9F0EE8AED555}.Debug|x86.ActiveCfg = Debug|Any CPU
		{3E83755B-1118-48BB-9FC5-9F0EE8AED555}.Debug|x86.Build.0 = Debug|Any CPU
		{3E83755B-1118-48BB-9FC5-9F0EE8AED555}.Release|Any CPU.ActiveCfg = Release|Any CPU
		{3E83755B-1118-48BB-9FC5-9F0EE8AED555}.Release|Any CPU.Build.0 = Release|Any CPU
		{3E83755B-1118-48BB-9FC5-9F0EE8AED555}.Release|ARM.ActiveCfg = Release|Any CPU
		{3E83755B-1118-48BB-9FC5-9F0EE8AED555}.Release|ARM.Build.0 = Release|Any CPU
		{3E83755B-1118-48BB-9FC5-9F0EE8AED555}.Release|ARM64.ActiveCfg = Release|Any CPU
		{3E83755B-1118-48BB-9FC5-9F0EE8AED555}.Release|ARM64.Build.0 = Release|Any CPU
		{3E83755B-1118-48BB-9FC5-9F0EE8AED555}.Release|iPhone.ActiveCfg = Release|Any CPU
		{3E83755B-1118-48BB-9FC5-9F0EE8AED555}.Release|iPhone.Build.0 = Release|Any CPU
		{3E83755B-1118-48BB-9FC5-9F0EE8AED555}.Release|iPhoneSimulator.ActiveCfg = Release|Any CPU
		{3E83755B-1118-48BB-9FC5-9F0EE8AED555}.Release|iPhoneSimulator.Build.0 = Release|Any CPU
		{3E83755B-1118-48BB-9FC5-9F0EE8AED555}.Release|x64.ActiveCfg = Release|Any CPU
		{3E83755B-1118-48BB-9FC5-9F0EE8AED555}.Release|x64.Build.0 = Release|Any CPU
		{3E83755B-1118-48BB-9FC5-9F0EE8AED555}.Release|x86.ActiveCfg = Release|Any CPU
		{3E83755B-1118-48BB-9FC5-9F0EE8AED555}.Release|x86.Build.0 = Release|Any CPU
	EndGlobalSection
	GlobalSection(SolutionProperties) = preSolution
		HideSolutionNode = FALSE
	EndGlobalSection
	GlobalSection(NestedProjects) = preSolution
		{FC2FC2D8-B1F1-4024-987B-17A0BDF3B15D} = {EF5B7363-5BDD-4065-A493-2BD0E6EEA37D}
		{A8851431-A2AE-4EEE-9FD4-FBC9319614D5} = {EF5B7363-5BDD-4065-A493-2BD0E6EEA37D}
		{90BA8CD9-583B-4402-907B-01D3B8E1235C} = {EF5B7363-5BDD-4065-A493-2BD0E6EEA37D}
		{B827F8DE-659B-42F3-870D-3CE56E6DA5FF} = {CE404597-5904-4776-8C19-C766C43725D5}
		{7BC99A82-B4B8-48F3-96EB-9442D9067457} = {CE404597-5904-4776-8C19-C766C43725D5}
		{3E83755B-1118-48BB-9FC5-9F0EE8AED555} = {CE404597-5904-4776-8C19-C766C43725D5}
	EndGlobalSection
	GlobalSection(ExtensibilityGlobals) = postSolution
		SolutionGuid = {88547B2A-4BD9-4708-A6C5-FC67050F4CB5}
	EndGlobalSection
EndGlobal
